
Microsoft Visual Studio Solution File, Format Version 12.00
# Visual Studio Version 17
VisualStudioVersion = 17.5.002.0
MinimumVisualStudioVersion = 10.0.40219.1
Project("{9A19103F-16F7-4668-BE54-9A1E7A4F7556}") = "baby-sleep-api", "baby-sleep-api.csproj", "{5F18C6E5-3A82-4C07-84D5-AB4A34738AFD}"
EndProject
Global
	GlobalSection(SolutionConfigurationPlatforms) = preSolution
		Debug|Any CPU = Debug|Any CPU
		Release|Any CPU = Release|Any CPU
	EndGlobalSection
	GlobalSection(ProjectConfigurationPlatforms) = postSolution
		{5F18C6E5-3A82-4C07-84D5-AB4A34738AFD}.Debug|Any CPU.ActiveCfg = Debug|Any CPU
		{5F18C6E5-3A82-4C07-84D5-AB4A34738AFD}.Debug|Any CPU.Build.0 = Debug|Any CPU
		{5F18C6E5-3A82-4C07-84D5-AB4A34738AFD}.Release|Any CPU.ActiveCfg = Release|Any CPU
		{5F18C6E5-3A82-4C07-84D5-AB4A34738AFD}.Release|Any CPU.Build.0 = Release|Any CPU
	EndGlobalSection
	GlobalSection(SolutionProperties) = preSolution
		HideSolutionNode = FALSE
	EndGlobalSection
	GlobalSection(ExtensibilityGlobals) = postSolution
		SolutionGuid = {F1AA27B7-0A94-4680-A995-AFD48B9D14E0}
	EndGlobalSection
EndGlobal
